// !$*UTF8*$!
{
	archiveVersion = 1;
	classes = {
	};
	objectVersion = 54;
	objects = {

/* Begin PBXBuildFile section */
		074096642827BEC900D7E13B /* AppApp.swift in Sources */ = {isa = PBXBuildFile; fileRef = 074096632827BEC900D7E13B /* AppApp.swift */; };
		074096662827BEC900D7E13B /* ContentView.swift in Sources */ = {isa = PBXBuildFile; fileRef = 074096652827BEC900D7E13B /* ContentView.swift */; };
		074096682827BECA00D7E13B /* Assets.xcassets in Resources */ = {isa = PBXBuildFile; fileRef = 074096672827BECA00D7E13B /* Assets.xcassets */; };
		0740966B2827BECA00D7E13B /* Preview Assets.xcassets in Resources */ = {isa = PBXBuildFile; fileRef = 0740966A2827BECA00D7E13B /* Preview Assets.xcassets */; };
		074096752827BECA00D7E13B /* AppTests.swift in Sources */ = {isa = PBXBuildFile; fileRef = 074096742827BECA00D7E13B /* AppTests.swift */; };
		0740967F2827BECA00D7E13B /* AppUITests.swift in Sources */ = {isa = PBXBuildFile; fileRef = 0740967E2827BECA00D7E13B /* AppUITests.swift */; };
		074096812827BECA00D7E13B /* AppUITestsLaunchTests.swift in Sources */ = {isa = PBXBuildFile; fileRef = 074096802827BECA00D7E13B /* AppUITestsLaunchTests.swift */; };
		074096942828417300D7E13B /* API.swift in Sources */ = {isa = PBXBuildFile; fileRef = 074096932828417300D7E13B /* API.swift */; };
		074096962828777800D7E13B /* ColorRandomizer.swift in Sources */ = {isa = PBXBuildFile; fileRef = 074096952828777800D7E13B /* ColorRandomizer.swift */; };
		0740969828288BCB00D7E13B /* SettingsView.swift in Sources */ = {isa = PBXBuildFile; fileRef = 0740969728288BCB00D7E13B /* SettingsView.swift */; };
		0740969B28288BE900D7E13B /* PressButtonView.swift in Sources */ = {isa = PBXBuildFile; fileRef = 0740969A28288BE900D7E13B /* PressButtonView.swift */; };
		07800585282A277800F39E2E /* UpgradeView.swift in Sources */ = {isa = PBXBuildFile; fileRef = 07800584282A277800F39E2E /* UpgradeView.swift */; };
		0782A577284AB9C8000E4C33 /* TrackerView.swift in Sources */ = {isa = PBXBuildFile; fileRef = 0782A576284AB9C8000E4C33 /* TrackerView.swift */; };
		07BA4BC328555EAB00B3AD2F /* FidgetSwitchView.swift in Sources */ = {isa = PBXBuildFile; fileRef = 07BA4BC228555EAB00B3AD2F /* FidgetSwitchView.swift */; };
		07BA4BC62855699600B3AD2F /* SelectFidgetView.swift in Sources */ = {isa = PBXBuildFile; fileRef = 07BA4BC52855699600B3AD2F /* SelectFidgetView.swift */; };
		07BA4BC828567A5B00B3AD2F /* FidgetWheelView.swift in Sources */ = {isa = PBXBuildFile; fileRef = 07BA4BC728567A5B00B3AD2F /* FidgetWheelView.swift */; };
		07F3B0252853B50E00DF909A /* BarChartView.swift in Sources */ = {isa = PBXBuildFile; fileRef = 07F3B0242853B50E00DF909A /* BarChartView.swift */; };
		5B7C1626130F282893BAE6D7 /* Pods_App.framework in Frameworks */ = {isa = PBXBuildFile; fileRef = 27484120D51B6E255BFBBE6D /* Pods_App.framework */; };
		717B72A56E6527175099A56F /* Pods_AppTests.framework in Frameworks */ = {isa = PBXBuildFile; fileRef = 00BA83717089F99BFDC613D0 /* Pods_AppTests.framework */; };
		E64EEB39137301BC73E6048E /* Pods_App_AppUITests.framework in Frameworks */ = {isa = PBXBuildFile; fileRef = 942CE2FA14EA820DAE28BD6E /* Pods_App_AppUITests.framework */; };
/* End PBXBuildFile section */

/* Begin PBXContainerItemProxy section */
		074096712827BECA00D7E13B /* PBXContainerItemProxy */ = {
			isa = PBXContainerItemProxy;
			containerPortal = 074096582827BEC900D7E13B /* Project object */;
			proxyType = 1;
			remoteGlobalIDString = 0740965F2827BEC900D7E13B;
			remoteInfo = App;
		};
		0740967B2827BECA00D7E13B /* PBXContainerItemProxy */ = {
			isa = PBXContainerItemProxy;
			containerPortal = 074096582827BEC900D7E13B /* Project object */;
			proxyType = 1;
			remoteGlobalIDString = 0740965F2827BEC900D7E13B;
			remoteInfo = App;
		};
/* End PBXContainerItemProxy section */

/* Begin PBXFileReference section */
		00BA83717089F99BFDC613D0 /* Pods_AppTests.framework */ = {isa = PBXFileReference; explicitFileType = wrapper.framework; includeInIndex = 0; path = Pods_AppTests.framework; sourceTree = BUILT_PRODUCTS_DIR; };
		050418537E408D53946CCD84 /* Pods-AppTests.release.xcconfig */ = {isa = PBXFileReference; includeInIndex = 1; lastKnownFileType = text.xcconfig; name = "Pods-AppTests.release.xcconfig"; path = "Target Support Files/Pods-AppTests/Pods-AppTests.release.xcconfig"; sourceTree = "<group>"; };
		074096602827BEC900D7E13B /* Tap Me!.app */ = {isa = PBXFileReference; explicitFileType = wrapper.application; includeInIndex = 0; path = "Tap Me!.app"; sourceTree = BUILT_PRODUCTS_DIR; };
		074096632827BEC900D7E13B /* AppApp.swift */ = {isa = PBXFileReference; lastKnownFileType = sourcecode.swift; path = AppApp.swift; sourceTree = "<group>"; };
		074096652827BEC900D7E13B /* ContentView.swift */ = {isa = PBXFileReference; lastKnownFileType = sourcecode.swift; path = ContentView.swift; sourceTree = "<group>"; };
		074096672827BECA00D7E13B /* Assets.xcassets */ = {isa = PBXFileReference; lastKnownFileType = folder.assetcatalog; path = Assets.xcassets; sourceTree = "<group>"; };
		0740966A2827BECA00D7E13B /* Preview Assets.xcassets */ = {isa = PBXFileReference; lastKnownFileType = folder.assetcatalog; path = "Preview Assets.xcassets"; sourceTree = "<group>"; };
		074096702827BECA00D7E13B /* AppTests.xctest */ = {isa = PBXFileReference; explicitFileType = wrapper.cfbundle; includeInIndex = 0; path = AppTests.xctest; sourceTree = BUILT_PRODUCTS_DIR; };
		074096742827BECA00D7E13B /* AppTests.swift */ = {isa = PBXFileReference; lastKnownFileType = sourcecode.swift; path = AppTests.swift; sourceTree = "<group>"; };
		0740967A2827BECA00D7E13B /* AppUITests.xctest */ = {isa = PBXFileReference; explicitFileType = wrapper.cfbundle; includeInIndex = 0; path = AppUITests.xctest; sourceTree = BUILT_PRODUCTS_DIR; };
		0740967E2827BECA00D7E13B /* AppUITests.swift */ = {isa = PBXFileReference; lastKnownFileType = sourcecode.swift; path = AppUITests.swift; sourceTree = "<group>"; };
		074096802827BECA00D7E13B /* AppUITestsLaunchTests.swift */ = {isa = PBXFileReference; lastKnownFileType = sourcecode.swift; path = AppUITestsLaunchTests.swift; sourceTree = "<group>"; };
		074096932828417300D7E13B /* API.swift */ = {isa = PBXFileReference; lastKnownFileType = sourcecode.swift; path = API.swift; sourceTree = "<group>"; };
		074096952828777800D7E13B /* ColorRandomizer.swift */ = {isa = PBXFileReference; lastKnownFileType = sourcecode.swift; path = ColorRandomizer.swift; sourceTree = "<group>"; };
		0740969728288BCB00D7E13B /* SettingsView.swift */ = {isa = PBXFileReference; lastKnownFileType = sourcecode.swift; path = SettingsView.swift; sourceTree = "<group>"; };
		0740969A28288BE900D7E13B /* PressButtonView.swift */ = {isa = PBXFileReference; lastKnownFileType = sourcecode.swift; path = PressButtonView.swift; sourceTree = "<group>"; };
		07800584282A277800F39E2E /* UpgradeView.swift */ = {isa = PBXFileReference; lastKnownFileType = sourcecode.swift; path = UpgradeView.swift; sourceTree = "<group>"; };
		0782A576284AB9C8000E4C33 /* TrackerView.swift */ = {isa = PBXFileReference; lastKnownFileType = sourcecode.swift; path = TrackerView.swift; sourceTree = "<group>"; };
		07BA4BC228555EAB00B3AD2F /* FidgetSwitchView.swift */ = {isa = PBXFileReference; lastKnownFileType = sourcecode.swift; path = FidgetSwitchView.swift; sourceTree = "<group>"; };
		07BA4BC52855699600B3AD2F /* SelectFidgetView.swift */ = {isa = PBXFileReference; lastKnownFileType = sourcecode.swift; path = SelectFidgetView.swift; sourceTree = "<group>"; };
		07BA4BC728567A5B00B3AD2F /* FidgetWheelView.swift */ = {isa = PBXFileReference; lastKnownFileType = sourcecode.swift; path = FidgetWheelView.swift; sourceTree = "<group>"; };
		07F3B0242853B50E00DF909A /* BarChartView.swift */ = {isa = PBXFileReference; lastKnownFileType = sourcecode.swift; path = BarChartView.swift; sourceTree = "<group>"; };
		27484120D51B6E255BFBBE6D /* Pods_App.framework */ = {isa = PBXFileReference; explicitFileType = wrapper.framework; includeInIndex = 0; path = Pods_App.framework; sourceTree = BUILT_PRODUCTS_DIR; };
		5CD90C87EDAB54E65F60FE11 /* Pods-App.debug.xcconfig */ = {isa = PBXFileReference; includeInIndex = 1; lastKnownFileType = text.xcconfig; name = "Pods-App.debug.xcconfig"; path = "Target Support Files/Pods-App/Pods-App.debug.xcconfig"; sourceTree = "<group>"; };
		942CE2FA14EA820DAE28BD6E /* Pods_App_AppUITests.framework */ = {isa = PBXFileReference; explicitFileType = wrapper.framework; includeInIndex = 0; path = Pods_App_AppUITests.framework; sourceTree = BUILT_PRODUCTS_DIR; };
		AC222B226E886BEE85ED4B1F /* Pods-AppTests.debug.xcconfig */ = {isa = PBXFileReference; includeInIndex = 1; lastKnownFileType = text.xcconfig; name = "Pods-AppTests.debug.xcconfig"; path = "Target Support Files/Pods-AppTests/Pods-AppTests.debug.xcconfig"; sourceTree = "<group>"; };
		D7472219F8653371CC37B3EF /* Pods-App-AppUITests.release.xcconfig */ = {isa = PBXFileReference; includeInIndex = 1; lastKnownFileType = text.xcconfig; name = "Pods-App-AppUITests.release.xcconfig"; path = "Target Support Files/Pods-App-AppUITests/Pods-App-AppUITests.release.xcconfig"; sourceTree = "<group>"; };
		E2BB74E69BFF1EEFF9F6B364 /* Pods-App-AppUITests.debug.xcconfig */ = {isa = PBXFileReference; includeInIndex = 1; lastKnownFileType = text.xcconfig; name = "Pods-App-AppUITests.debug.xcconfig"; path = "Target Support Files/Pods-App-AppUITests/Pods-App-AppUITests.debug.xcconfig"; sourceTree = "<group>"; };
		F47320F3E3AC1B785D380808 /* Pods-App.release.xcconfig */ = {isa = PBXFileReference; includeInIndex = 1; lastKnownFileType = text.xcconfig; name = "Pods-App.release.xcconfig"; path = "Target Support Files/Pods-App/Pods-App.release.xcconfig"; sourceTree = "<group>"; };
/* End PBXFileReference section */

/* Begin PBXFrameworksBuildPhase section */
		0740965D2827BEC900D7E13B /* Frameworks */ = {
			isa = PBXFrameworksBuildPhase;
			buildActionMask = 2147483647;
			files = (
				5B7C1626130F282893BAE6D7 /* Pods_App.framework in Frameworks */,
			);
			runOnlyForDeploymentPostprocessing = 0;
		};
		0740966D2827BECA00D7E13B /* Frameworks */ = {
			isa = PBXFrameworksBuildPhase;
			buildActionMask = 2147483647;
			files = (
				717B72A56E6527175099A56F /* Pods_AppTests.framework in Frameworks */,
			);
			runOnlyForDeploymentPostprocessing = 0;
		};
		074096772827BECA00D7E13B /* Frameworks */ = {
			isa = PBXFrameworksBuildPhase;
			buildActionMask = 2147483647;
			files = (
				E64EEB39137301BC73E6048E /* Pods_App_AppUITests.framework in Frameworks */,
			);
			runOnlyForDeploymentPostprocessing = 0;
		};
/* End PBXFrameworksBuildPhase section */

/* Begin PBXGroup section */
		074096572827BEC900D7E13B = {
			isa = PBXGroup;
			children = (
				074096622827BEC900D7E13B /* App */,
				074096732827BECA00D7E13B /* AppTests */,
				0740967D2827BECA00D7E13B /* AppUITests */,
				074096612827BEC900D7E13B /* Products */,
				C0E0779430324A85C4694F45 /* Pods */,
				4FC582697B6971F7B3F32498 /* Frameworks */,
			);
			sourceTree = "<group>";
		};
		074096612827BEC900D7E13B /* Products */ = {
			isa = PBXGroup;
			children = (
				074096602827BEC900D7E13B /* Tap Me!.app */,
				074096702827BECA00D7E13B /* AppTests.xctest */,
				0740967A2827BECA00D7E13B /* AppUITests.xctest */,
			);
			name = Products;
			sourceTree = "<group>";
		};
		074096622827BEC900D7E13B /* App */ = {
			isa = PBXGroup;
			children = (
				07BA4BC928567BC800B3AD2F /* ViewModel */,
				077A1D622828CE6200E6A909 /* View */,
				077A1D632828CE7500E6A909 /* Model */,
				074096632827BEC900D7E13B /* AppApp.swift */,
				074096652827BEC900D7E13B /* ContentView.swift */,
				074096672827BECA00D7E13B /* Assets.xcassets */,
				074096692827BECA00D7E13B /* Preview Content */,
			);
			path = App;
			sourceTree = "<group>";
		};
		074096692827BECA00D7E13B /* Preview Content */ = {
			isa = PBXGroup;
			children = (
				0740966A2827BECA00D7E13B /* Preview Assets.xcassets */,
			);
			path = "Preview Content";
			sourceTree = "<group>";
		};
		074096732827BECA00D7E13B /* AppTests */ = {
			isa = PBXGroup;
			children = (
				074096742827BECA00D7E13B /* AppTests.swift */,
			);
			path = AppTests;
			sourceTree = "<group>";
		};
		0740967D2827BECA00D7E13B /* AppUITests */ = {
			isa = PBXGroup;
			children = (
				0740967E2827BECA00D7E13B /* AppUITests.swift */,
				074096802827BECA00D7E13B /* AppUITestsLaunchTests.swift */,
			);
			path = AppUITests;
			sourceTree = "<group>";
		};
		077A1D622828CE6200E6A909 /* View */ = {
			isa = PBXGroup;
			children = (
				07BA4BC4285568C900B3AD2F /* FidgetViews */,
				0740969728288BCB00D7E13B /* SettingsView.swift */,
				07800584282A277800F39E2E /* UpgradeView.swift */,
				0782A576284AB9C8000E4C33 /* TrackerView.swift */,
				07BA4BC52855699600B3AD2F /* SelectFidgetView.swift */,
			);
			path = View;
			sourceTree = "<group>";
		};
		077A1D632828CE7500E6A909 /* Model */ = {
			isa = PBXGroup;
			children = (
				074096952828777800D7E13B /* ColorRandomizer.swift */,
				074096932828417300D7E13B /* API.swift */,
			);
			path = Model;
			sourceTree = "<group>";
		};
		07BA4BC4285568C900B3AD2F /* FidgetViews */ = {
			isa = PBXGroup;
			children = (
				0740969A28288BE900D7E13B /* PressButtonView.swift */,
				07BA4BC228555EAB00B3AD2F /* FidgetSwitchView.swift */,
				07BA4BC728567A5B00B3AD2F /* FidgetWheelView.swift */,
			);
			path = FidgetViews;
			sourceTree = "<group>";
		};
		07BA4BC928567BC800B3AD2F /* ViewModel */ = {
			isa = PBXGroup;
			children = (
				07F3B0242853B50E00DF909A /* BarChartView.swift */,
			);
			path = ViewModel;
			sourceTree = "<group>";
		};
		4FC582697B6971F7B3F32498 /* Frameworks */ = {
			isa = PBXGroup;
			children = (
				27484120D51B6E255BFBBE6D /* Pods_App.framework */,
				942CE2FA14EA820DAE28BD6E /* Pods_App_AppUITests.framework */,
				00BA83717089F99BFDC613D0 /* Pods_AppTests.framework */,
			);
			name = Frameworks;
			sourceTree = "<group>";
		};
		C0E0779430324A85C4694F45 /* Pods */ = {
			isa = PBXGroup;
			children = (
				5CD90C87EDAB54E65F60FE11 /* Pods-App.debug.xcconfig */,
				F47320F3E3AC1B785D380808 /* Pods-App.release.xcconfig */,
				E2BB74E69BFF1EEFF9F6B364 /* Pods-App-AppUITests.debug.xcconfig */,
				D7472219F8653371CC37B3EF /* Pods-App-AppUITests.release.xcconfig */,
				AC222B226E886BEE85ED4B1F /* Pods-AppTests.debug.xcconfig */,
				050418537E408D53946CCD84 /* Pods-AppTests.release.xcconfig */,
			);
			path = Pods;
			sourceTree = "<group>";
		};
/* End PBXGroup section */

/* Begin PBXNativeTarget section */
		0740965F2827BEC900D7E13B /* App */ = {
			isa = PBXNativeTarget;
			buildConfigurationList = 074096842827BECA00D7E13B /* Build configuration list for PBXNativeTarget "App" */;
			buildPhases = (
				E67454A44F4F9FED8F37CEDB /* [CP] Check Pods Manifest.lock */,
				0740965C2827BEC900D7E13B /* Sources */,
				0740965D2827BEC900D7E13B /* Frameworks */,
				0740965E2827BEC900D7E13B /* Resources */,
				AE8109CAEF48C4AC2BF4C3D2 /* [CP] Embed Pods Frameworks */,
			);
			buildRules = (
			);
			dependencies = (
			);
			name = App;
			productName = App;
			productReference = 074096602827BEC900D7E13B /* Tap Me!.app */;
			productType = "com.apple.product-type.application";
		};
		0740966F2827BECA00D7E13B /* AppTests */ = {
			isa = PBXNativeTarget;
			buildConfigurationList = 074096872827BECA00D7E13B /* Build configuration list for PBXNativeTarget "AppTests" */;
			buildPhases = (
				7A0B3D96FBFE58FD7EF89832 /* [CP] Check Pods Manifest.lock */,
				0740966C2827BECA00D7E13B /* Sources */,
				0740966D2827BECA00D7E13B /* Frameworks */,
				0740966E2827BECA00D7E13B /* Resources */,
			);
			buildRules = (
			);
			dependencies = (
				074096722827BECA00D7E13B /* PBXTargetDependency */,
			);
			name = AppTests;
			productName = AppTests;
			productReference = 074096702827BECA00D7E13B /* AppTests.xctest */;
			productType = "com.apple.product-type.bundle.unit-test";
		};
		074096792827BECA00D7E13B /* AppUITests */ = {
			isa = PBXNativeTarget;
			buildConfigurationList = 0740968A2827BECA00D7E13B /* Build configuration list for PBXNativeTarget "AppUITests" */;
			buildPhases = (
				13A81DE19F02A41525F303D0 /* [CP] Check Pods Manifest.lock */,
				074096762827BECA00D7E13B /* Sources */,
				074096772827BECA00D7E13B /* Frameworks */,
				074096782827BECA00D7E13B /* Resources */,
				EBE83BE9B399519E9686F2A2 /* [CP] Embed Pods Frameworks */,
			);
			buildRules = (
			);
			dependencies = (
				0740967C2827BECA00D7E13B /* PBXTargetDependency */,
			);
			name = AppUITests;
			productName = AppUITests;
			productReference = 0740967A2827BECA00D7E13B /* AppUITests.xctest */;
			productType = "com.apple.product-type.bundle.ui-testing";
		};
/* End PBXNativeTarget section */

/* Begin PBXProject section */
		074096582827BEC900D7E13B /* Project object */ = {
			isa = PBXProject;
			attributes = {
				BuildIndependentTargetsInParallel = 1;
				LastSwiftUpdateCheck = 1330;
				LastUpgradeCheck = 1330;
				TargetAttributes = {
					0740965F2827BEC900D7E13B = {
						CreatedOnToolsVersion = 13.3.1;
					};
					0740966F2827BECA00D7E13B = {
						CreatedOnToolsVersion = 13.3.1;
						TestTargetID = 0740965F2827BEC900D7E13B;
					};
					074096792827BECA00D7E13B = {
						CreatedOnToolsVersion = 13.3.1;
						TestTargetID = 0740965F2827BEC900D7E13B;
					};
				};
			};
			buildConfigurationList = 0740965B2827BEC900D7E13B /* Build configuration list for PBXProject "App" */;
			compatibilityVersion = "Xcode 12.0";
			developmentRegion = en;
			hasScannedForEncodings = 0;
			knownRegions = (
				en,
				Base,
			);
			mainGroup = 074096572827BEC900D7E13B;
			productRefGroup = 074096612827BEC900D7E13B /* Products */;
			projectDirPath = "";
			projectRoot = "";
			targets = (
				0740965F2827BEC900D7E13B /* App */,
				0740966F2827BECA00D7E13B /* AppTests */,
				074096792827BECA00D7E13B /* AppUITests */,
			);
		};
/* End PBXProject section */

/* Begin PBXResourcesBuildPhase section */
		0740965E2827BEC900D7E13B /* Resources */ = {
			isa = PBXResourcesBuildPhase;
			buildActionMask = 2147483647;
			files = (
				0740966B2827BECA00D7E13B /* Preview Assets.xcassets in Resources */,
				074096682827BECA00D7E13B /* Assets.xcassets in Resources */,
			);
			runOnlyForDeploymentPostprocessing = 0;
		};
		0740966E2827BECA00D7E13B /* Resources */ = {
			isa = PBXResourcesBuildPhase;
			buildActionMask = 2147483647;
			files = (
			);
			runOnlyForDeploymentPostprocessing = 0;
		};
		074096782827BECA00D7E13B /* Resources */ = {
			isa = PBXResourcesBuildPhase;
			buildActionMask = 2147483647;
			files = (
			);
			runOnlyForDeploymentPostprocessing = 0;
		};
/* End PBXResourcesBuildPhase section */

/* Begin PBXShellScriptBuildPhase section */
		13A81DE19F02A41525F303D0 /* [CP] Check Pods Manifest.lock */ = {
			isa = PBXShellScriptBuildPhase;
			buildActionMask = 2147483647;
			files = (
			);
			inputFileListPaths = (
			);
			inputPaths = (
				"${PODS_PODFILE_DIR_PATH}/Podfile.lock",
				"${PODS_ROOT}/Manifest.lock",
			);
			name = "[CP] Check Pods Manifest.lock";
			outputFileListPaths = (
			);
			outputPaths = (
				"$(DERIVED_FILE_DIR)/Pods-App-AppUITests-checkManifestLockResult.txt",
			);
			runOnlyForDeploymentPostprocessing = 0;
			shellPath = /bin/sh;
			shellScript = "diff \"${PODS_PODFILE_DIR_PATH}/Podfile.lock\" \"${PODS_ROOT}/Manifest.lock\" > /dev/null\nif [ $? != 0 ] ; then\n    # print error to STDERR\n    echo \"error: The sandbox is not in sync with the Podfile.lock. Run 'pod install' or update your CocoaPods installation.\" >&2\n    exit 1\nfi\n# This output is used by Xcode 'outputs' to avoid re-running this script phase.\necho \"SUCCESS\" > \"${SCRIPT_OUTPUT_FILE_0}\"\n";
			showEnvVarsInLog = 0;
		};
		7A0B3D96FBFE58FD7EF89832 /* [CP] Check Pods Manifest.lock */ = {
			isa = PBXShellScriptBuildPhase;
			buildActionMask = 2147483647;
			files = (
			);
			inputFileListPaths = (
			);
			inputPaths = (
				"${PODS_PODFILE_DIR_PATH}/Podfile.lock",
				"${PODS_ROOT}/Manifest.lock",
			);
			name = "[CP] Check Pods Manifest.lock";
			outputFileListPaths = (
			);
			outputPaths = (
				"$(DERIVED_FILE_DIR)/Pods-AppTests-checkManifestLockResult.txt",
			);
			runOnlyForDeploymentPostprocessing = 0;
			shellPath = /bin/sh;
			shellScript = "diff \"${PODS_PODFILE_DIR_PATH}/Podfile.lock\" \"${PODS_ROOT}/Manifest.lock\" > /dev/null\nif [ $? != 0 ] ; then\n    # print error to STDERR\n    echo \"error: The sandbox is not in sync with the Podfile.lock. Run 'pod install' or update your CocoaPods installation.\" >&2\n    exit 1\nfi\n# This output is used by Xcode 'outputs' to avoid re-running this script phase.\necho \"SUCCESS\" > \"${SCRIPT_OUTPUT_FILE_0}\"\n";
			showEnvVarsInLog = 0;
		};
		AE8109CAEF48C4AC2BF4C3D2 /* [CP] Embed Pods Frameworks */ = {
			isa = PBXShellScriptBuildPhase;
			buildActionMask = 2147483647;
			files = (
			);
			inputFileListPaths = (
				"${PODS_ROOT}/Target Support Files/Pods-App/Pods-App-frameworks-${CONFIGURATION}-input-files.xcfilelist",
			);
			name = "[CP] Embed Pods Frameworks";
			outputFileListPaths = (
				"${PODS_ROOT}/Target Support Files/Pods-App/Pods-App-frameworks-${CONFIGURATION}-output-files.xcfilelist",
			);
			runOnlyForDeploymentPostprocessing = 0;
			shellPath = /bin/sh;
			shellScript = "\"${PODS_ROOT}/Target Support Files/Pods-App/Pods-App-frameworks.sh\"\n";
			showEnvVarsInLog = 0;
		};
		E67454A44F4F9FED8F37CEDB /* [CP] Check Pods Manifest.lock */ = {
			isa = PBXShellScriptBuildPhase;
			buildActionMask = 2147483647;
			files = (
			);
			inputFileListPaths = (
			);
			inputPaths = (
				"${PODS_PODFILE_DIR_PATH}/Podfile.lock",
				"${PODS_ROOT}/Manifest.lock",
			);
			name = "[CP] Check Pods Manifest.lock";
			outputFileListPaths = (
			);
			outputPaths = (
				"$(DERIVED_FILE_DIR)/Pods-App-checkManifestLockResult.txt",
			);
			runOnlyForDeploymentPostprocessing = 0;
			shellPath = /bin/sh;
			shellScript = "diff \"${PODS_PODFILE_DIR_PATH}/Podfile.lock\" \"${PODS_ROOT}/Manifest.lock\" > /dev/null\nif [ $? != 0 ] ; then\n    # print error to STDERR\n    echo \"error: The sandbox is not in sync with the Podfile.lock. Run 'pod install' or update your CocoaPods installation.\" >&2\n    exit 1\nfi\n# This output is used by Xcode 'outputs' to avoid re-running this script phase.\necho \"SUCCESS\" > \"${SCRIPT_OUTPUT_FILE_0}\"\n";
			showEnvVarsInLog = 0;
		};
		EBE83BE9B399519E9686F2A2 /* [CP] Embed Pods Frameworks */ = {
			isa = PBXShellScriptBuildPhase;
			buildActionMask = 2147483647;
			files = (
			);
			inputFileListPaths = (
				"${PODS_ROOT}/Target Support Files/Pods-App-AppUITests/Pods-App-AppUITests-frameworks-${CONFIGURATION}-input-files.xcfilelist",
			);
			name = "[CP] Embed Pods Frameworks";
			outputFileListPaths = (
				"${PODS_ROOT}/Target Support Files/Pods-App-AppUITests/Pods-App-AppUITests-frameworks-${CONFIGURATION}-output-files.xcfilelist",
			);
			runOnlyForDeploymentPostprocessing = 0;
			shellPath = /bin/sh;
			shellScript = "\"${PODS_ROOT}/Target Support Files/Pods-App-AppUITests/Pods-App-AppUITests-frameworks.sh\"\n";
			showEnvVarsInLog = 0;
		};
/* End PBXShellScriptBuildPhase section */

/* Begin PBXSourcesBuildPhase section */
		0740965C2827BEC900D7E13B /* Sources */ = {
			isa = PBXSourcesBuildPhase;
			buildActionMask = 2147483647;
			files = (
				07800585282A277800F39E2E /* UpgradeView.swift in Sources */,
				0740969828288BCB00D7E13B /* SettingsView.swift in Sources */,
				074096662827BEC900D7E13B /* ContentView.swift in Sources */,
				0782A577284AB9C8000E4C33 /* TrackerView.swift in Sources */,
				074096642827BEC900D7E13B /* AppApp.swift in Sources */,
				07F3B0252853B50E00DF909A /* BarChartView.swift in Sources */,
				074096962828777800D7E13B /* ColorRandomizer.swift in Sources */,
				07BA4BC828567A5B00B3AD2F /* FidgetWheelView.swift in Sources */,
				07BA4BC328555EAB00B3AD2F /* FidgetSwitchView.swift in Sources */,
				0740969B28288BE900D7E13B /* PressButtonView.swift in Sources */,
				074096942828417300D7E13B /* API.swift in Sources */,
				07BA4BC62855699600B3AD2F /* SelectFidgetView.swift in Sources */,
			);
			runOnlyForDeploymentPostprocessing = 0;
		};
		0740966C2827BECA00D7E13B /* Sources */ = {
			isa = PBXSourcesBuildPhase;
			buildActionMask = 2147483647;
			files = (
				074096752827BECA00D7E13B /* AppTests.swift in Sources */,
			);
			runOnlyForDeploymentPostprocessing = 0;
		};
		074096762827BECA00D7E13B /* Sources */ = {
			isa = PBXSourcesBuildPhase;
			buildActionMask = 2147483647;
			files = (
				074096812827BECA00D7E13B /* AppUITestsLaunchTests.swift in Sources */,
				0740967F2827BECA00D7E13B /* AppUITests.swift in Sources */,
			);
			runOnlyForDeploymentPostprocessing = 0;
		};
/* End PBXSourcesBuildPhase section */

/* Begin PBXTargetDependency section */
		074096722827BECA00D7E13B /* PBXTargetDependency */ = {
			isa = PBXTargetDependency;
			target = 0740965F2827BEC900D7E13B /* App */;
			targetProxy = 074096712827BECA00D7E13B /* PBXContainerItemProxy */;
		};
		0740967C2827BECA00D7E13B /* PBXTargetDependency */ = {
			isa = PBXTargetDependency;
			target = 0740965F2827BEC900D7E13B /* App */;
			targetProxy = 0740967B2827BECA00D7E13B /* PBXContainerItemProxy */;
		};
/* End PBXTargetDependency section */

/* Begin XCBuildConfiguration section */
		074096822827BECA00D7E13B /* Debug */ = {
			isa = XCBuildConfiguration;
			buildSettings = {
				ALWAYS_SEARCH_USER_PATHS = NO;
				CLANG_ANALYZER_NONNULL = YES;
				CLANG_ANALYZER_NUMBER_OBJECT_CONVERSION = YES_AGGRESSIVE;
				CLANG_CXX_LANGUAGE_STANDARD = "gnu++17";
				CLANG_ENABLE_MODULES = YES;
				CLANG_ENABLE_OBJC_ARC = YES;
				CLANG_ENABLE_OBJC_WEAK = YES;
				CLANG_WARN_BLOCK_CAPTURE_AUTORELEASING = YES;
				CLANG_WARN_BOOL_CONVERSION = YES;
				CLANG_WARN_COMMA = YES;
				CLANG_WARN_CONSTANT_CONVERSION = YES;
				CLANG_WARN_DEPRECATED_OBJC_IMPLEMENTATIONS = YES;
				CLANG_WARN_DIRECT_OBJC_ISA_USAGE = YES_ERROR;
				CLANG_WARN_DOCUMENTATION_COMMENTS = YES;
				CLANG_WARN_EMPTY_BODY = YES;
				CLANG_WARN_ENUM_CONVERSION = YES;
				CLANG_WARN_INFINITE_RECURSION = YES;
				CLANG_WARN_INT_CONVERSION = YES;
				CLANG_WARN_NON_LITERAL_NULL_CONVERSION = YES;
				CLANG_WARN_OBJC_IMPLICIT_RETAIN_SELF = YES;
				CLANG_WARN_OBJC_LITERAL_CONVERSION = YES;
				CLANG_WARN_OBJC_ROOT_CLASS = YES_ERROR;
				CLANG_WARN_QUOTED_INCLUDE_IN_FRAMEWORK_HEADER = YES;
				CLANG_WARN_RANGE_LOOP_ANALYSIS = YES;
				CLANG_WARN_STRICT_PROTOTYPES = YES;
				CLANG_WARN_SUSPICIOUS_MOVE = YES;
				CLANG_WARN_UNGUARDED_AVAILABILITY = YES_AGGRESSIVE;
				CLANG_WARN_UNREACHABLE_CODE = YES;
				CLANG_WARN__DUPLICATE_METHOD_MATCH = YES;
				COPY_PHASE_STRIP = NO;
				DEBUG_INFORMATION_FORMAT = dwarf;
				ENABLE_STRICT_OBJC_MSGSEND = YES;
				ENABLE_TESTABILITY = YES;
				GCC_C_LANGUAGE_STANDARD = gnu11;
				GCC_DYNAMIC_NO_PIC = NO;
				GCC_NO_COMMON_BLOCKS = YES;
				GCC_OPTIMIZATION_LEVEL = fast;
				GCC_PREPROCESSOR_DEFINITIONS = (
					"DEBUG=1",
					"$(inherited)",
				);
				GCC_WARN_64_TO_32_BIT_CONVERSION = YES;
				GCC_WARN_ABOUT_RETURN_TYPE = YES_ERROR;
				GCC_WARN_UNDECLARED_SELECTOR = YES;
				GCC_WARN_UNINITIALIZED_AUTOS = YES_AGGRESSIVE;
				GCC_WARN_UNUSED_FUNCTION = YES;
				GCC_WARN_UNUSED_VARIABLE = YES;
				IPHONEOS_DEPLOYMENT_TARGET = 15.0;
				MTL_ENABLE_DEBUG_INFO = INCLUDE_SOURCE;
				MTL_FAST_MATH = YES;
				ONLY_ACTIVE_ARCH = YES;
				SDKROOT = iphoneos;
				SWIFT_ACTIVE_COMPILATION_CONDITIONS = DEBUG;
				SWIFT_OPTIMIZATION_LEVEL = "-Onone";
			};
			name = Debug;
		};
		074096832827BECA00D7E13B /* Release */ = {
			isa = XCBuildConfiguration;
			buildSettings = {
				ALWAYS_SEARCH_USER_PATHS = NO;
				CLANG_ANALYZER_NONNULL = YES;
				CLANG_ANALYZER_NUMBER_OBJECT_CONVERSION = YES_AGGRESSIVE;
				CLANG_CXX_LANGUAGE_STANDARD = "gnu++17";
				CLANG_ENABLE_MODULES = YES;
				CLANG_ENABLE_OBJC_ARC = YES;
				CLANG_ENABLE_OBJC_WEAK = YES;
				CLANG_WARN_BLOCK_CAPTURE_AUTORELEASING = YES;
				CLANG_WARN_BOOL_CONVERSION = YES;
				CLANG_WARN_COMMA = YES;
				CLANG_WARN_CONSTANT_CONVERSION = YES;
				CLANG_WARN_DEPRECATED_OBJC_IMPLEMENTATIONS = YES;
				CLANG_WARN_DIRECT_OBJC_ISA_USAGE = YES_ERROR;
				CLANG_WARN_DOCUMENTATION_COMMENTS = YES;
				CLANG_WARN_EMPTY_BODY = YES;
				CLANG_WARN_ENUM_CONVERSION = YES;
				CLANG_WARN_INFINITE_RECURSION = YES;
				CLANG_WARN_INT_CONVERSION = YES;
				CLANG_WARN_NON_LITERAL_NULL_CONVERSION = YES;
				CLANG_WARN_OBJC_IMPLICIT_RETAIN_SELF = YES;
				CLANG_WARN_OBJC_LITERAL_CONVERSION = YES;
				CLANG_WARN_OBJC_ROOT_CLASS = YES_ERROR;
				CLANG_WARN_QUOTED_INCLUDE_IN_FRAMEWORK_HEADER = YES;
				CLANG_WARN_RANGE_LOOP_ANALYSIS = YES;
				CLANG_WARN_STRICT_PROTOTYPES = YES;
				CLANG_WARN_SUSPICIOUS_MOVE = YES;
				CLANG_WARN_UNGUARDED_AVAILABILITY = YES_AGGRESSIVE;
				CLANG_WARN_UNREACHABLE_CODE = YES;
				CLANG_WARN__DUPLICATE_METHOD_MATCH = YES;
				COPY_PHASE_STRIP = NO;
				DEBUG_INFORMATION_FORMAT = "dwarf-with-dsym";
				ENABLE_NS_ASSERTIONS = NO;
				ENABLE_STRICT_OBJC_MSGSEND = YES;
				GCC_C_LANGUAGE_STANDARD = gnu11;
				GCC_NO_COMMON_BLOCKS = YES;
				GCC_WARN_64_TO_32_BIT_CONVERSION = YES;
				GCC_WARN_ABOUT_RETURN_TYPE = YES_ERROR;
				GCC_WARN_UNDECLARED_SELECTOR = YES;
				GCC_WARN_UNINITIALIZED_AUTOS = YES_AGGRESSIVE;
				GCC_WARN_UNUSED_FUNCTION = YES;
				GCC_WARN_UNUSED_VARIABLE = YES;
				IPHONEOS_DEPLOYMENT_TARGET = 15.0;
				MTL_ENABLE_DEBUG_INFO = NO;
				MTL_FAST_MATH = YES;
				SDKROOT = iphoneos;
				SWIFT_COMPILATION_MODE = wholemodule;
				SWIFT_OPTIMIZATION_LEVEL = "-O";
				VALIDATE_PRODUCT = YES;
			};
			name = Release;
		};
		074096852827BECA00D7E13B /* Debug */ = {
			isa = XCBuildConfiguration;
			baseConfigurationReference = 5CD90C87EDAB54E65F60FE11 /* Pods-App.debug.xcconfig */;
			buildSettings = {
				ASSETCATALOG_COMPILER_APPICON_NAME = AppIcon;
				ASSETCATALOG_COMPILER_GLOBAL_ACCENT_COLOR_NAME = AccentColor;
				ASSETCATALOG_COMPILER_INCLUDE_ALL_APPICON_ASSETS = NO;
				CODE_SIGN_STYLE = Automatic;
				CURRENT_PROJECT_VERSION = 1;
				DEVELOPMENT_ASSET_PATHS = "\"App/Preview Content\"";
				DEVELOPMENT_TEAM = 6M87UK8UUB;
				ENABLE_PREVIEWS = YES;
				GENERATE_INFOPLIST_FILE = YES;
				INFOPLIST_KEY_UIApplicationSceneManifest_Generation = YES;
				INFOPLIST_KEY_UIApplicationSupportsIndirectInputEvents = YES;
				INFOPLIST_KEY_UILaunchScreen_Generation = YES;
				INFOPLIST_KEY_UISupportedInterfaceOrientations_iPad = "UIInterfaceOrientationPortrait UIInterfaceOrientationPortraitUpsideDown UIInterfaceOrientationLandscapeLeft UIInterfaceOrientationLandscapeRight";
				INFOPLIST_KEY_UISupportedInterfaceOrientations_iPhone = "UIInterfaceOrientationPortrait UIInterfaceOrientationLandscapeLeft UIInterfaceOrientationLandscapeRight";
				IPHONEOS_DEPLOYMENT_TARGET = 15.0;
				LD_RUNPATH_SEARCH_PATHS = (
					"$(inherited)",
					"@executable_path/Frameworks",
				);
				MARKETING_VERSION = 1.0;
				PRODUCT_BUNDLE_IDENTIFIER = UIcide.App;
				PRODUCT_NAME = "Tap Me!";
				SWIFT_EMIT_LOC_STRINGS = YES;
				SWIFT_VERSION = 5.0;
				TARGETED_DEVICE_FAMILY = "1,2";
			};
			name = Debug;
		};
		074096862827BECA00D7E13B /* Release */ = {
			isa = XCBuildConfiguration;
			baseConfigurationReference = F47320F3E3AC1B785D380808 /* Pods-App.release.xcconfig */;
			buildSettings = {
				ASSETCATALOG_COMPILER_APPICON_NAME = AppIcon;
				ASSETCATALOG_COMPILER_GLOBAL_ACCENT_COLOR_NAME = AccentColor;
				ASSETCATALOG_COMPILER_INCLUDE_ALL_APPICON_ASSETS = NO;
				CODE_SIGN_STYLE = Automatic;
				CURRENT_PROJECT_VERSION = 1;
				DEVELOPMENT_ASSET_PATHS = "\"App/Preview Content\"";
				DEVELOPMENT_TEAM = 6M87UK8UUB;
				ENABLE_PREVIEWS = YES;
				GENERATE_INFOPLIST_FILE = YES;
				INFOPLIST_KEY_UIApplicationSceneManifest_Generation = YES;
				INFOPLIST_KEY_UIApplicationSupportsIndirectInputEvents = YES;
				INFOPLIST_KEY_UILaunchScreen_Generation = YES;
				INFOPLIST_KEY_UISupportedInterfaceOrientations_iPad = "UIInterfaceOrientationPortrait UIInterfaceOrientationPortraitUpsideDown UIInterfaceOrientationLandscapeLeft UIInterfaceOrientationLandscapeRight";
				INFOPLIST_KEY_UISupportedInterfaceOrientations_iPhone = "UIInterfaceOrientationPortrait UIInterfaceOrientationLandscapeLeft UIInterfaceOrientationLandscapeRight";
				IPHONEOS_DEPLOYMENT_TARGET = 15.0;
				LD_RUNPATH_SEARCH_PATHS = (
					"$(inherited)",
					"@executable_path/Frameworks",
				);
				MARKETING_VERSION = 1.0;
				PRODUCT_BUNDLE_IDENTIFIER = UIcide.App;
				PRODUCT_NAME = "Tap Me!";
				SWIFT_EMIT_LOC_STRINGS = YES;
				SWIFT_VERSION = 5.0;
				TARGETED_DEVICE_FAMILY = "1,2";
			};
			name = Release;
		};
		074096882827BECA00D7E13B /* Debug */ = {
			isa = XCBuildConfiguration;
			baseConfigurationReference = AC222B226E886BEE85ED4B1F /* Pods-AppTests.debug.xcconfig */;
			buildSettings = {
				ALWAYS_EMBED_SWIFT_STANDARD_LIBRARIES = YES;
				BUNDLE_LOADER = "$(TEST_HOST)";
				CODE_SIGN_STYLE = Automatic;
				CURRENT_PROJECT_VERSION = 1;
				DEVELOPMENT_TEAM = 6M87UK8UUB;
				GENERATE_INFOPLIST_FILE = YES;
				IPHONEOS_DEPLOYMENT_TARGET = 15.4;
				MARKETING_VERSION = 1.0;
				PRODUCT_BUNDLE_IDENTIFIER = UIcide.AppTests;
				PRODUCT_NAME = "$(TARGET_NAME)";
				SWIFT_EMIT_LOC_STRINGS = NO;
				SWIFT_VERSION = 5.0;
				TARGETED_DEVICE_FAMILY = "1,2";
				TEST_HOST = "$(BUILT_PRODUCTS_DIR)/App.app/App";
			};
			name = Debug;
		};
		074096892827BECA00D7E13B /* Release */ = {
			isa = XCBuildConfiguration;
			baseConfigurationReference = 050418537E408D53946CCD84 /* Pods-AppTests.release.xcconfig */;
			buildSettings = {
				ALWAYS_EMBED_SWIFT_STANDARD_LIBRARIES = YES;
				BUNDLE_LOADER = "$(TEST_HOST)";
				CODE_SIGN_STYLE = Automatic;
				CURRENT_PROJECT_VERSION = 1;
				DEVELOPMENT_TEAM = 6M87UK8UUB;
				GENERATE_INFOPLIST_FILE = YES;
				IPHONEOS_DEPLOYMENT_TARGET = 15.4;
				MARKETING_VERSION = 1.0;
				PRODUCT_BUNDLE_IDENTIFIER = UIcide.AppTests;
				PRODUCT_NAME = "$(TARGET_NAME)";
				SWIFT_EMIT_LOC_STRINGS = NO;
				SWIFT_VERSION = 5.0;
				TARGETED_DEVICE_FAMILY = "1,2";
				TEST_HOST = "$(BUILT_PRODUCTS_DIR)/App.app/App";
			};
			name = Release;
		};
		0740968B2827BECA00D7E13B /* Debug */ = {
			isa = XCBuildConfiguration;
			baseConfigurationReference = E2BB74E69BFF1EEFF9F6B364 /* Pods-App-AppUITests.debug.xcconfig */;
			buildSettings = {
				ALWAYS_EMBED_SWIFT_STANDARD_LIBRARIES = YES;
				CODE_SIGN_STYLE = Automatic;
				CURRENT_PROJECT_VERSION = 1;
				DEVELOPMENT_TEAM = 6M87UK8UUB;
				GENERATE_INFOPLIST_FILE = YES;
				MARKETING_VERSION = 1.0;
				PRODUCT_BUNDLE_IDENTIFIER = UIcide.AppUITests;
				PRODUCT_NAME = "$(TARGET_NAME)";
				SWIFT_EMIT_LOC_STRINGS = NO;
				SWIFT_VERSION = 5.0;
				TARGETED_DEVICE_FAMILY = "1,2";
				TEST_TARGET_NAME = App;
			};
			name = Debug;
		};
		0740968C2827BECA00D7E13B /* Release */ = {
			isa = XCBuildConfiguration;
			baseConfigurationReference = D7472219F8653371CC37B3EF /* Pods-App-AppUITests.release.xcconfig */;
			buildSettings = {
				ALWAYS_EMBED_SWIFT_STANDARD_LIBRARIES = YES;
				CODE_SIGN_STYLE = Automatic;
				CURRENT_PROJECT_VERSION = 1;
				DEVELOPMENT_TEAM = 6M87UK8UUB;
				GENERATE_INFOPLIST_FILE = YES;
				MARKETING_VERSION = 1.0;
				PRODUCT_BUNDLE_IDENTIFIER = UIcide.AppUITests;
				PRODUCT_NAME = "$(TARGET_NAME)";
				SWIFT_EMIT_LOC_STRINGS = NO;
				SWIFT_VERSION = 5.0;
				TARGETED_DEVICE_FAMILY = "1,2";
				TEST_TARGET_NAME = App;
			};
			name = Release;
		};
/* End XCBuildConfiguration section */

/* Begin XCConfigurationList section */
		0740965B2827BEC900D7E13B /* Build configuration list for PBXProject "App" */ = {
			isa = XCConfigurationList;
			buildConfigurations = (
				074096822827BECA00D7E13B /* Debug */,
				074096832827BECA00D7E13B /* Release */,
			);
			defaultConfigurationIsVisible = 0;
			defaultConfigurationName = Release;
		};
		074096842827BECA00D7E13B /* Build configuration list for PBXNativeTarget "App" */ = {
			isa = XCConfigurationList;
			buildConfigurations = (
				074096852827BECA00D7E13B /* Debug */,
				074096862827BECA00D7E13B /* Release */,
			);
			defaultConfigurationIsVisible = 0;
			defaultConfigurationName = Release;
		};
		074096872827BECA00D7E13B /* Build configuration list for PBXNativeTarget "AppTests" */ = {
			isa = XCConfigurationList;
			buildConfigurations = (
				074096882827BECA00D7E13B /* Debug */,
				074096892827BECA00D7E13B /* Release */,
			);
			defaultConfigurationIsVisible = 0;
			defaultConfigurationName = Release;
		};
		0740968A2827BECA00D7E13B /* Build configuration list for PBXNativeTarget "AppUITests" */ = {
			isa = XCConfigurationList;
			buildConfigurations = (
				0740968B2827BECA00D7E13B /* Debug */,
				0740968C2827BECA00D7E13B /* Release */,
			);
			defaultConfigurationIsVisible = 0;
			defaultConfigurationName = Release;
		};
/* End XCConfigurationList section */
	};
	rootObject = 074096582827BEC900D7E13B /* Project object */;
}
