// !$*UTF8*$!
{
	archiveVersion = 1;
	classes = {
	};
	objectVersion = 55;
	objects = {

/* Begin PBXBuildFile section */
		074096642827BEC900D7E13B /* AppApp.swift in Sources */ = {isa = PBXBuildFile; fileRef = 074096632827BEC900D7E13B /* AppApp.swift */; };
		074096662827BEC900D7E13B /* ContentView.swift in Sources */ = {isa = PBXBuildFile; fileRef = 074096652827BEC900D7E13B /* ContentView.swift */; };
		074096682827BECA00D7E13B /* Assets.xcassets in Resources */ = {isa = PBXBuildFile; fileRef = 074096672827BECA00D7E13B /* Assets.xcassets */; };
		0740966B2827BECA00D7E13B /* Preview Assets.xcassets in Resources */ = {isa = PBXBuildFile; fileRef = 0740966A2827BECA00D7E13B /* Preview Assets.xcassets */; };
		074096752827BECA00D7E13B /* AppTests.swift in Sources */ = {isa = PBXBuildFile; fileRef = 074096742827BECA00D7E13B /* AppTests.swift */; };
		0740967F2827BECA00D7E13B /* AppUITests.swift in Sources */ = {isa = PBXBuildFile; fileRef = 0740967E2827BECA00D7E13B /* AppUITests.swift */; };
		074096812827BECA00D7E13B /* AppUITestsLaunchTests.swift in Sources */ = {isa = PBXBuildFile; fileRef = 074096802827BECA00D7E13B /* AppUITestsLaunchTests.swift */; };
		074096942828417300D7E13B /* API.swift in Sources */ = {isa = PBXBuildFile; fileRef = 074096932828417300D7E13B /* API.swift */; };
		074096962828777800D7E13B /* ColorRandomizer.swift in Sources */ = {isa = PBXBuildFile; fileRef = 074096952828777800D7E13B /* ColorRandomizer.swift */; };
		0740969828288BCB00D7E13B /* SettingsView.swift in Sources */ = {isa = PBXBuildFile; fileRef = 0740969728288BCB00D7E13B /* SettingsView.swift */; };
		0740969B28288BE900D7E13B /* PressButtonView.swift in Sources */ = {isa = PBXBuildFile; fileRef = 0740969A28288BE900D7E13B /* PressButtonView.swift */; };
/* End PBXBuildFile section */

/* Begin PBXContainerItemProxy section */
		074096712827BECA00D7E13B /* PBXContainerItemProxy */ = {
			isa = PBXContainerItemProxy;
			containerPortal = 074096582827BEC900D7E13B /* Project object */;
			proxyType = 1;
			remoteGlobalIDString = 0740965F2827BEC900D7E13B;
			remoteInfo = App;
		};
		0740967B2827BECA00D7E13B /* PBXContainerItemProxy */ = {
			isa = PBXContainerItemProxy;
			containerPortal = 074096582827BEC900D7E13B /* Project object */;
			proxyType = 1;
			remoteGlobalIDString = 0740965F2827BEC900D7E13B;
			remoteInfo = App;
		};
/* End PBXContainerItemProxy section */

/* Begin PBXFileReference section */
		074096602827BEC900D7E13B /* Click Me!.app */ = {isa = PBXFileReference; explicitFileType = wrapper.application; includeInIndex = 0; path = "Click Me!.app"; sourceTree = BUILT_PRODUCTS_DIR; };
		074096632827BEC900D7E13B /* AppApp.swift */ = {isa = PBXFileReference; lastKnownFileType = sourcecode.swift; path = AppApp.swift; sourceTree = "<group>"; };
		074096652827BEC900D7E13B /* ContentView.swift */ = {isa = PBXFileReference; lastKnownFileType = sourcecode.swift; path = ContentView.swift; sourceTree = "<group>"; };
		074096672827BECA00D7E13B /* Assets.xcassets */ = {isa = PBXFileReference; lastKnownFileType = folder.assetcatalog; path = Assets.xcassets; sourceTree = "<group>"; };
		0740966A2827BECA00D7E13B /* Preview Assets.xcassets */ = {isa = PBXFileReference; lastKnownFileType = folder.assetcatalog; path = "Preview Assets.xcassets"; sourceTree = "<group>"; };
		074096702827BECA00D7E13B /* AppTests.xctest */ = {isa = PBXFileReference; explicitFileType = wrapper.cfbundle; includeInIndex = 0; path = AppTests.xctest; sourceTree = BUILT_PRODUCTS_DIR; };
		074096742827BECA00D7E13B /* AppTests.swift */ = {isa = PBXFileReference; lastKnownFileType = sourcecode.swift; path = AppTests.swift; sourceTree = "<group>"; };
		0740967A2827BECA00D7E13B /* AppUITests.xctest */ = {isa = PBXFileReference; explicitFileType = wrapper.cfbundle; includeInIndex = 0; path = AppUITests.xctest; sourceTree = BUILT_PRODUCTS_DIR; };
		0740967E2827BECA00D7E13B /* AppUITests.swift */ = {isa = PBXFileReference; lastKnownFileType = sourcecode.swift; path = AppUITests.swift; sourceTree = "<group>"; };
		074096802827BECA00D7E13B /* AppUITestsLaunchTests.swift */ = {isa = PBXFileReference; lastKnownFileType = sourcecode.swift; path = AppUITestsLaunchTests.swift; sourceTree = "<group>"; };
		074096932828417300D7E13B /* API.swift */ = {isa = PBXFileReference; lastKnownFileType = sourcecode.swift; path = API.swift; sourceTree = "<group>"; };
		074096952828777800D7E13B /* ColorRandomizer.swift */ = {isa = PBXFileReference; lastKnownFileType = sourcecode.swift; path = ColorRandomizer.swift; sourceTree = "<group>"; };
		0740969728288BCB00D7E13B /* SettingsView.swift */ = {isa = PBXFileReference; lastKnownFileType = sourcecode.swift; path = SettingsView.swift; sourceTree = "<group>"; };
		0740969A28288BE900D7E13B /* PressButtonView.swift */ = {isa = PBXFileReference; lastKnownFileType = sourcecode.swift; path = PressButtonView.swift; sourceTree = "<group>"; };
/* End PBXFileReference section */

/* Begin PBXFrameworksBuildPhase section */
		0740965D2827BEC900D7E13B /* Frameworks */ = {
			isa = PBXFrameworksBuildPhase;
			buildActionMask = 2147483647;
			files = (
			);
			runOnlyForDeploymentPostprocessing = 0;
		};
		0740966D2827BECA00D7E13B /* Frameworks */ = {
			isa = PBXFrameworksBuildPhase;
			buildActionMask = 2147483647;
			files = (
			);
			runOnlyForDeploymentPostprocessing = 0;
		};
		074096772827BECA00D7E13B /* Frameworks */ = {
			isa = PBXFrameworksBuildPhase;
			buildActionMask = 2147483647;
			files = (
			);
			runOnlyForDeploymentPostprocessing = 0;
		};
/* End PBXFrameworksBuildPhase section */

/* Begin PBXGroup section */
		074096572827BEC900D7E13B = {
			isa = PBXGroup;
			children = (
				074096622827BEC900D7E13B /* App */,
				074096732827BECA00D7E13B /* AppTests */,
				0740967D2827BECA00D7E13B /* AppUITests */,
				074096612827BEC900D7E13B /* Products */,
			);
			sourceTree = "<group>";
		};
		074096612827BEC900D7E13B /* Products */ = {
			isa = PBXGroup;
			children = (
				074096602827BEC900D7E13B /* Click Me!.app */,
				074096702827BECA00D7E13B /* AppTests.xctest */,
				0740967A2827BECA00D7E13B /* AppUITests.xctest */,
			);
			name = Products;
			sourceTree = "<group>";
		};
		074096622827BEC900D7E13B /* App */ = {
			isa = PBXGroup;
			children = (
				077A1D622828CE6200E6A909 /* View */,
				077A1D632828CE7500E6A909 /* Model */,
				074096632827BEC900D7E13B /* AppApp.swift */,
				074096952828777800D7E13B /* ColorRandomizer.swift */,
				074096652827BEC900D7E13B /* ContentView.swift */,
				074096672827BECA00D7E13B /* Assets.xcassets */,
				074096692827BECA00D7E13B /* Preview Content */,
			);
			path = App;
			sourceTree = "<group>";
		};
		074096692827BECA00D7E13B /* Preview Content */ = {
			isa = PBXGroup;
			children = (
				0740966A2827BECA00D7E13B /* Preview Assets.xcassets */,
			);
			path = "Preview Content";
			sourceTree = "<group>";
		};
		074096732827BECA00D7E13B /* AppTests */ = {
			isa = PBXGroup;
			children = (
				074096742827BECA00D7E13B /* AppTests.swift */,
			);
			path = AppTests;
			sourceTree = "<group>";
		};
		0740967D2827BECA00D7E13B /* AppUITests */ = {
			isa = PBXGroup;
			children = (
				0740967E2827BECA00D7E13B /* AppUITests.swift */,
				074096802827BECA00D7E13B /* AppUITestsLaunchTests.swift */,
			);
			path = AppUITests;
			sourceTree = "<group>";
		};
		077A1D622828CE6200E6A909 /* View */ = {
			isa = PBXGroup;
			children = (
				0740969A28288BE900D7E13B /* PressButtonView.swift */,
				0740969728288BCB00D7E13B /* SettingsView.swift */,
			);
			path = View;
			sourceTree = "<group>";
		};
		077A1D632828CE7500E6A909 /* Model */ = {
			isa = PBXGroup;
			children = (
				074096932828417300D7E13B /* API.swift */,
			);
			path = Model;
			sourceTree = "<group>";
		};
/* End PBXGroup section */

/* Begin PBXNativeTarget section */
		0740965F2827BEC900D7E13B /* App */ = {
			isa = PBXNativeTarget;
			buildConfigurationList = 074096842827BECA00D7E13B /* Build configuration list for PBXNativeTarget "App" */;
			buildPhases = (
				0740965C2827BEC900D7E13B /* Sources */,
				0740965D2827BEC900D7E13B /* Frameworks */,
				0740965E2827BEC900D7E13B /* Resources */,
			);
			buildRules = (
			);
			dependencies = (
			);
			name = App;
			productName = App;
			productReference = 074096602827BEC900D7E13B /* Click Me!.app */;
			productType = "com.apple.product-type.application";
		};
		0740966F2827BECA00D7E13B /* AppTests */ = {
			isa = PBXNativeTarget;
			buildConfigurationList = 074096872827BECA00D7E13B /* Build configuration list for PBXNativeTarget "AppTests" */;
			buildPhases = (
				0740966C2827BECA00D7E13B /* Sources */,
				0740966D2827BECA00D7E13B /* Frameworks */,
				0740966E2827BECA00D7E13B /* Resources */,
			);
			buildRules = (
			);
			dependencies = (
				074096722827BECA00D7E13B /* PBXTargetDependency */,
			);
			name = AppTests;
			productName = AppTests;
			productReference = 074096702827BECA00D7E13B /* AppTests.xctest */;
			productType = "com.apple.product-type.bundle.unit-test";
		};
		074096792827BECA00D7E13B /* AppUITests */ = {
			isa = PBXNativeTarget;
			buildConfigurationList = 0740968A2827BECA00D7E13B /* Build configuration list for PBXNativeTarget "AppUITests" */;
			buildPhases = (
				074096762827BECA00D7E13B /* Sources */,
				074096772827BECA00D7E13B /* Frameworks */,
				074096782827BECA00D7E13B /* Resources */,
			);
			buildRules = (
			);
			dependencies = (
				0740967C2827BECA00D7E13B /* PBXTargetDependency */,
			);
			name = AppUITests;
			productName = AppUITests;
			productReference = 0740967A2827BECA00D7E13B /* AppUITests.xctest */;
			productType = "com.apple.product-type.bundle.ui-testing";
		};
/* End PBXNativeTarget section */

/* Begin PBXProject section */
		074096582827BEC900D7E13B /* Project object */ = {
			isa = PBXProject;
			attributes = {
				BuildIndependentTargetsInParallel = 1;
				LastSwiftUpdateCheck = 1330;
				LastUpgradeCheck = 1330;
				TargetAttributes = {
					0740965F2827BEC900D7E13B = {
						CreatedOnToolsVersion = 13.3.1;
					};
					0740966F2827BECA00D7E13B = {
						CreatedOnToolsVersion = 13.3.1;
						TestTargetID = 0740965F2827BEC900D7E13B;
					};
					074096792827BECA00D7E13B = {
						CreatedOnToolsVersion = 13.3.1;
						TestTargetID = 0740965F2827BEC900D7E13B;
					};
				};
			};
			buildConfigurationList = 0740965B2827BEC900D7E13B /* Build configuration list for PBXProject "App" */;
			compatibilityVersion = "Xcode 13.0";
			developmentRegion = en;
			hasScannedForEncodings = 0;
			knownRegions = (
				en,
				Base,
			);
			mainGroup = 074096572827BEC900D7E13B;
			productRefGroup = 074096612827BEC900D7E13B /* Products */;
			projectDirPath = "";
			projectRoot = "";
			targets = (
				0740965F2827BEC900D7E13B /* App */,
				0740966F2827BECA00D7E13B /* AppTests */,
				074096792827BECA00D7E13B /* AppUITests */,
			);
		};
/* End PBXProject section */

/* Begin PBXResourcesBuildPhase section */
		0740965E2827BEC900D7E13B /* Resources */ = {
			isa = PBXResourcesBuildPhase;
			buildActionMask = 2147483647;
			files = (
				0740966B2827BECA00D7E13B /* Preview Assets.xcassets in Resources */,
				074096682827BECA00D7E13B /* Assets.xcassets in Resources */,
			);
			runOnlyForDeploymentPostprocessing = 0;
		};
		0740966E2827BECA00D7E13B /* Resources */ = {
			isa = PBXResourcesBuildPhase;
			buildActionMask = 2147483647;
			files = (
			);
			runOnlyForDeploymentPostprocessing = 0;
		};
		074096782827BECA00D7E13B /* Resources */ = {
			isa = PBXResourcesBuildPhase;
			buildActionMask = 2147483647;
			files = (
			);
			runOnlyForDeploymentPostprocessing = 0;
		};
/* End PBXResourcesBuildPhase section */

/* Begin PBXSourcesBuildPhase section */
		0740965C2827BEC900D7E13B /* Sources */ = {
			isa = PBXSourcesBuildPhase;
			buildActionMask = 2147483647;
			files = (
				0740969828288BCB00D7E13B /* SettingsView.swift in Sources */,
				074096662827BEC900D7E13B /* ContentView.swift in Sources */,
				074096642827BEC900D7E13B /* AppApp.swift in Sources */,
				074096962828777800D7E13B /* ColorRandomizer.swift in Sources */,
				0740969B28288BE900D7E13B /* PressButtonView.swift in Sources */,
				074096942828417300D7E13B /* API.swift in Sources */,
			);
			runOnlyForDeploymentPostprocessing = 0;
		};
		0740966C2827BECA00D7E13B /* Sources */ = {
			isa = PBXSourcesBuildPhase;
			buildActionMask = 2147483647;
			files = (
				074096752827BECA00D7E13B /* AppTests.swift in Sources */,
			);
			runOnlyForDeploymentPostprocessing = 0;
		};
		074096762827BECA00D7E13B /* Sources */ = {
			isa = PBXSourcesBuildPhase;
			buildActionMask = 2147483647;
			files = (
				074096812827BECA00D7E13B /* AppUITestsLaunchTests.swift in Sources */,
				0740967F2827BECA00D7E13B /* AppUITests.swift in Sources */,
			);
			runOnlyForDeploymentPostprocessing = 0;
		};
/* End PBXSourcesBuildPhase section */

/* Begin PBXTargetDependency section */
		074096722827BECA00D7E13B /* PBXTargetDependency */ = {
			isa = PBXTargetDependency;
			target = 0740965F2827BEC900D7E13B /* App */;
			targetProxy = 074096712827BECA00D7E13B /* PBXContainerItemProxy */;
		};
		0740967C2827BECA00D7E13B /* PBXTargetDependency */ = {
			isa = PBXTargetDependency;
			target = 0740965F2827BEC900D7E13B /* App */;
			targetProxy = 0740967B2827BECA00D7E13B /* PBXContainerItemProxy */;
		};
/* End PBXTargetDependency section */

/* Begin XCBuildConfiguration section */
		074096822827BECA00D7E13B /* Debug */ = {
			isa = XCBuildConfiguration;
			buildSettings = {
				ALWAYS_SEARCH_USER_PATHS = NO;
				CLANG_ANALYZER_NONNULL = YES;
				CLANG_ANALYZER_NUMBER_OBJECT_CONVERSION = YES_AGGRESSIVE;
				CLANG_CXX_LANGUAGE_STANDARD = "gnu++17";
				CLANG_ENABLE_MODULES = YES;
				CLANG_ENABLE_OBJC_ARC = YES;
				CLANG_ENABLE_OBJC_WEAK = YES;
				CLANG_WARN_BLOCK_CAPTURE_AUTORELEASING = YES;
				CLANG_WARN_BOOL_CONVERSION = YES;
				CLANG_WARN_COMMA = YES;
				CLANG_WARN_CONSTANT_CONVERSION = YES;
				CLANG_WARN_DEPRECATED_OBJC_IMPLEMENTATIONS = YES;
				CLANG_WARN_DIRECT_OBJC_ISA_USAGE = YES_ERROR;
				CLANG_WARN_DOCUMENTATION_COMMENTS = YES;
				CLANG_WARN_EMPTY_BODY = YES;
				CLANG_WARN_ENUM_CONVERSION = YES;
				CLANG_WARN_INFINITE_RECURSION = YES;
				CLANG_WARN_INT_CONVERSION = YES;
				CLANG_WARN_NON_LITERAL_NULL_CONVERSION = YES;
				CLANG_WARN_OBJC_IMPLICIT_RETAIN_SELF = YES;
				CLANG_WARN_OBJC_LITERAL_CONVERSION = YES;
				CLANG_WARN_OBJC_ROOT_CLASS = YES_ERROR;
				CLANG_WARN_QUOTED_INCLUDE_IN_FRAMEWORK_HEADER = YES;
				CLANG_WARN_RANGE_LOOP_ANALYSIS = YES;
				CLANG_WARN_STRICT_PROTOTYPES = YES;
				CLANG_WARN_SUSPICIOUS_MOVE = YES;
				CLANG_WARN_UNGUARDED_AVAILABILITY = YES_AGGRESSIVE;
				CLANG_WARN_UNREACHABLE_CODE = YES;
				CLANG_WARN__DUPLICATE_METHOD_MATCH = YES;
				COPY_PHASE_STRIP = NO;
				DEBUG_INFORMATION_FORMAT = dwarf;
				ENABLE_STRICT_OBJC_MSGSEND = YES;
				ENABLE_TESTABILITY = YES;
				GCC_C_LANGUAGE_STANDARD = gnu11;
				GCC_DYNAMIC_NO_PIC = NO;
				GCC_NO_COMMON_BLOCKS = YES;
				GCC_OPTIMIZATION_LEVEL = 0;
				GCC_PREPROCESSOR_DEFINITIONS = (
					"DEBUG=1",
					"$(inherited)",
				);
				GCC_WARN_64_TO_32_BIT_CONVERSION = YES;
				GCC_WARN_ABOUT_RETURN_TYPE = YES_ERROR;
				GCC_WARN_UNDECLARED_SELECTOR = YES;
				GCC_WARN_UNINITIALIZED_AUTOS = YES_AGGRESSIVE;
				GCC_WARN_UNUSED_FUNCTION = YES;
				GCC_WARN_UNUSED_VARIABLE = YES;
				IPHONEOS_DEPLOYMENT_TARGET = 15.4;
				MTL_ENABLE_DEBUG_INFO = INCLUDE_SOURCE;
				MTL_FAST_MATH = YES;
				ONLY_ACTIVE_ARCH = YES;
				SDKROOT = iphoneos;
				SWIFT_ACTIVE_COMPILATION_CONDITIONS = DEBUG;
				SWIFT_OPTIMIZATION_LEVEL = "-Onone";
			};
			name = Debug;
		};
		074096832827BECA00D7E13B /* Release */ = {
			isa = XCBuildConfiguration;
			buildSettings = {
				ALWAYS_SEARCH_USER_PATHS = NO;
				CLANG_ANALYZER_NONNULL = YES;
				CLANG_ANALYZER_NUMBER_OBJECT_CONVERSION = YES_AGGRESSIVE;
				CLANG_CXX_LANGUAGE_STANDARD = "gnu++17";
				CLANG_ENABLE_MODULES = YES;
				CLANG_ENABLE_OBJC_ARC = YES;
				CLANG_ENABLE_OBJC_WEAK = YES;
				CLANG_WARN_BLOCK_CAPTURE_AUTORELEASING = YES;
				CLANG_WARN_BOOL_CONVERSION = YES;
				CLANG_WARN_COMMA = YES;
				CLANG_WARN_CONSTANT_CONVERSION = YES;
				CLANG_WARN_DEPRECATED_OBJC_IMPLEMENTATIONS = YES;
				CLANG_WARN_DIRECT_OBJC_ISA_USAGE = YES_ERROR;
				CLANG_WARN_DOCUMENTATION_COMMENTS = YES;
				CLANG_WARN_EMPTY_BODY = YES;
				CLANG_WARN_ENUM_CONVERSION = YES;
				CLANG_WARN_INFINITE_RECURSION = YES;
				CLANG_WARN_INT_CONVERSION = YES;
				CLANG_WARN_NON_LITERAL_NULL_CONVERSION = YES;
				CLANG_WARN_OBJC_IMPLICIT_RETAIN_SELF = YES;
				CLANG_WARN_OBJC_LITERAL_CONVERSION = YES;
				CLANG_WARN_OBJC_ROOT_CLASS = YES_ERROR;
				CLANG_WARN_QUOTED_INCLUDE_IN_FRAMEWORK_HEADER = YES;
				CLANG_WARN_RANGE_LOOP_ANALYSIS = YES;
				CLANG_WARN_STRICT_PROTOTYPES = YES;
				CLANG_WARN_SUSPICIOUS_MOVE = YES;
				CLANG_WARN_UNGUARDED_AVAILABILITY = YES_AGGRESSIVE;
				CLANG_WARN_UNREACHABLE_CODE = YES;
				CLANG_WARN__DUPLICATE_METHOD_MATCH = YES;
				COPY_PHASE_STRIP = NO;
				DEBUG_INFORMATION_FORMAT = "dwarf-with-dsym";
				ENABLE_NS_ASSERTIONS = NO;
				ENABLE_STRICT_OBJC_MSGSEND = YES;
				GCC_C_LANGUAGE_STANDARD = gnu11;
				GCC_NO_COMMON_BLOCKS = YES;
				GCC_WARN_64_TO_32_BIT_CONVERSION = YES;
				GCC_WARN_ABOUT_RETURN_TYPE = YES_ERROR;
				GCC_WARN_UNDECLARED_SELECTOR = YES;
				GCC_WARN_UNINITIALIZED_AUTOS = YES_AGGRESSIVE;
				GCC_WARN_UNUSED_FUNCTION = YES;
				GCC_WARN_UNUSED_VARIABLE = YES;
				IPHONEOS_DEPLOYMENT_TARGET = 15.4;
				MTL_ENABLE_DEBUG_INFO = NO;
				MTL_FAST_MATH = YES;
				SDKROOT = iphoneos;
				SWIFT_COMPILATION_MODE = wholemodule;
				SWIFT_OPTIMIZATION_LEVEL = "-O";
				VALIDATE_PRODUCT = YES;
			};
			name = Release;
		};
		074096852827BECA00D7E13B /* Debug */ = {
			isa = XCBuildConfiguration;
			buildSettings = {
				ASSETCATALOG_COMPILER_APPICON_NAME = AppIcon;
				ASSETCATALOG_COMPILER_GLOBAL_ACCENT_COLOR_NAME = AccentColor;
				CODE_SIGN_STYLE = Automatic;
				CURRENT_PROJECT_VERSION = 1;
				DEVELOPMENT_ASSET_PATHS = "\"App/Preview Content\"";
				DEVELOPMENT_TEAM = 6M87UK8UUB;
				ENABLE_PREVIEWS = YES;
				GENERATE_INFOPLIST_FILE = YES;
				INFOPLIST_KEY_UIApplicationSceneManifest_Generation = YES;
				INFOPLIST_KEY_UIApplicationSupportsIndirectInputEvents = YES;
				INFOPLIST_KEY_UILaunchScreen_Generation = YES;
				INFOPLIST_KEY_UISupportedInterfaceOrientations_iPad = "UIInterfaceOrientationPortrait UIInterfaceOrientationPortraitUpsideDown UIInterfaceOrientationLandscapeLeft UIInterfaceOrientationLandscapeRight";
				INFOPLIST_KEY_UISupportedInterfaceOrientations_iPhone = "UIInterfaceOrientationPortrait UIInterfaceOrientationLandscapeLeft UIInterfaceOrientationLandscapeRight";
				IPHONEOS_DEPLOYMENT_TARGET = 15.0;
				LD_RUNPATH_SEARCH_PATHS = (
					"$(inherited)",
					"@executable_path/Frameworks",
				);
				MARKETING_VERSION = 1.0;
				PRODUCT_BUNDLE_IDENTIFIER = UIcide.App;
				PRODUCT_NAME = "Click Me!";
				SWIFT_EMIT_LOC_STRINGS = YES;
				SWIFT_VERSION = 5.0;
				TARGETED_DEVICE_FAMILY = "1,2";
			};
			name = Debug;
		};
		074096862827BECA00D7E13B /* Release */ = {
			isa = XCBuildConfiguration;
			buildSettings = {
				ASSETCATALOG_COMPILER_APPICON_NAME = AppIcon;
				ASSETCATALOG_COMPILER_GLOBAL_ACCENT_COLOR_NAME = AccentColor;
				CODE_SIGN_STYLE = Automatic;
				CURRENT_PROJECT_VERSION = 1;
				DEVELOPMENT_ASSET_PATHS = "\"App/Preview Content\"";
				DEVELOPMENT_TEAM = 6M87UK8UUB;
				ENABLE_PREVIEWS = YES;
				GENERATE_INFOPLIST_FILE = YES;
				INFOPLIST_KEY_UIApplicationSceneManifest_Generation = YES;
				INFOPLIST_KEY_UIApplicationSupportsIndirectInputEvents = YES;
				INFOPLIST_KEY_UILaunchScreen_Generation = YES;
				INFOPLIST_KEY_UISupportedInterfaceOrientations_iPad = "UIInterfaceOrientationPortrait UIInterfaceOrientationPortraitUpsideDown UIInterfaceOrientationLandscapeLeft UIInterfaceOrientationLandscapeRight";
				INFOPLIST_KEY_UISupportedInterfaceOrientations_iPhone = "UIInterfaceOrientationPortrait UIInterfaceOrientationLandscapeLeft UIInterfaceOrientationLandscapeRight";
				IPHONEOS_DEPLOYMENT_TARGET = 15.0;
				LD_RUNPATH_SEARCH_PATHS = (
					"$(inherited)",
					"@executable_path/Frameworks",
				);
				MARKETING_VERSION = 1.0;
				PRODUCT_BUNDLE_IDENTIFIER = UIcide.App;
				PRODUCT_NAME = "Click Me!";
				SWIFT_EMIT_LOC_STRINGS = YES;
				SWIFT_VERSION = 5.0;
				TARGETED_DEVICE_FAMILY = "1,2";
			};
			name = Release;
		};
		074096882827BECA00D7E13B /* Debug */ = {
			isa = XCBuildConfiguration;
			buildSettings = {
				ALWAYS_EMBED_SWIFT_STANDARD_LIBRARIES = YES;
				BUNDLE_LOADER = "$(TEST_HOST)";
				CODE_SIGN_STYLE = Automatic;
				CURRENT_PROJECT_VERSION = 1;
				DEVELOPMENT_TEAM = 6M87UK8UUB;
				GENERATE_INFOPLIST_FILE = YES;
				IPHONEOS_DEPLOYMENT_TARGET = 15.4;
				MARKETING_VERSION = 1.0;
				PRODUCT_BUNDLE_IDENTIFIER = UIcide.AppTests;
				PRODUCT_NAME = "$(TARGET_NAME)";
				SWIFT_EMIT_LOC_STRINGS = NO;
				SWIFT_VERSION = 5.0;
				TARGETED_DEVICE_FAMILY = "1,2";
				TEST_HOST = "$(BUILT_PRODUCTS_DIR)/App.app/App";
			};
			name = Debug;
		};
		074096892827BECA00D7E13B /* Release */ = {
			isa = XCBuildConfiguration;
			buildSettings = {
				ALWAYS_EMBED_SWIFT_STANDARD_LIBRARIES = YES;
				BUNDLE_LOADER = "$(TEST_HOST)";
				CODE_SIGN_STYLE = Automatic;
				CURRENT_PROJECT_VERSION = 1;
				DEVELOPMENT_TEAM = 6M87UK8UUB;
				GENERATE_INFOPLIST_FILE = YES;
				IPHONEOS_DEPLOYMENT_TARGET = 15.4;
				MARKETING_VERSION = 1.0;
				PRODUCT_BUNDLE_IDENTIFIER = UIcide.AppTests;
				PRODUCT_NAME = "$(TARGET_NAME)";
				SWIFT_EMIT_LOC_STRINGS = NO;
				SWIFT_VERSION = 5.0;
				TARGETED_DEVICE_FAMILY = "1,2";
				TEST_HOST = "$(BUILT_PRODUCTS_DIR)/App.app/App";
			};
			name = Release;
		};
		0740968B2827BECA00D7E13B /* Debug */ = {
			isa = XCBuildConfiguration;
			buildSettings = {
				ALWAYS_EMBED_SWIFT_STANDARD_LIBRARIES = YES;
				CODE_SIGN_STYLE = Automatic;
				CURRENT_PROJECT_VERSION = 1;
				DEVELOPMENT_TEAM = 6M87UK8UUB;
				GENERATE_INFOPLIST_FILE = YES;
				MARKETING_VERSION = 1.0;
				PRODUCT_BUNDLE_IDENTIFIER = UIcide.AppUITests;
				PRODUCT_NAME = "$(TARGET_NAME)";
				SWIFT_EMIT_LOC_STRINGS = NO;
				SWIFT_VERSION = 5.0;
				TARGETED_DEVICE_FAMILY = "1,2";
				TEST_TARGET_NAME = App;
			};
			name = Debug;
		};
		0740968C2827BECA00D7E13B /* Release */ = {
			isa = XCBuildConfiguration;
			buildSettings = {
				ALWAYS_EMBED_SWIFT_STANDARD_LIBRARIES = YES;
				CODE_SIGN_STYLE = Automatic;
				CURRENT_PROJECT_VERSION = 1;
				DEVELOPMENT_TEAM = 6M87UK8UUB;
				GENERATE_INFOPLIST_FILE = YES;
				MARKETING_VERSION = 1.0;
				PRODUCT_BUNDLE_IDENTIFIER = UIcide.AppUITests;
				PRODUCT_NAME = "$(TARGET_NAME)";
				SWIFT_EMIT_LOC_STRINGS = NO;
				SWIFT_VERSION = 5.0;
				TARGETED_DEVICE_FAMILY = "1,2";
				TEST_TARGET_NAME = App;
			};
			name = Release;
		};
/* End XCBuildConfiguration section */

/* Begin XCConfigurationList section */
		0740965B2827BEC900D7E13B /* Build configuration list for PBXProject "App" */ = {
			isa = XCConfigurationList;
			buildConfigurations = (
				074096822827BECA00D7E13B /* Debug */,
				074096832827BECA00D7E13B /* Release */,
			);
			defaultConfigurationIsVisible = 0;
			defaultConfigurationName = Release;
		};
		074096842827BECA00D7E13B /* Build configuration list for PBXNativeTarget "App" */ = {
			isa = XCConfigurationList;
			buildConfigurations = (
				074096852827BECA00D7E13B /* Debug */,
				074096862827BECA00D7E13B /* Release */,
			);
			defaultConfigurationIsVisible = 0;
			defaultConfigurationName = Release;
		};
		074096872827BECA00D7E13B /* Build configuration list for PBXNativeTarget "AppTests" */ = {
			isa = XCConfigurationList;
			buildConfigurations = (
				074096882827BECA00D7E13B /* Debug */,
				074096892827BECA00D7E13B /* Release */,
			);
			defaultConfigurationIsVisible = 0;
			defaultConfigurationName = Release;
		};
		0740968A2827BECA00D7E13B /* Build configuration list for PBXNativeTarget "AppUITests" */ = {
			isa = XCConfigurationList;
			buildConfigurations = (
				0740968B2827BECA00D7E13B /* Debug */,
				0740968C2827BECA00D7E13B /* Release */,
			);
			defaultConfigurationIsVisible = 0;
			defaultConfigurationName = Release;
		};
/* End XCConfigurationList section */
	};
	rootObject = 074096582827BEC900D7E13B /* Project object */;
}
